
Microsoft Visual Studio Solution File, Format Version 11.00
# Visual Studio 2010
Project("{FAE04EC0-301F-11D3-BF4B-00C04F79EFBC}") = "PROGAME", "Assembly-CSharp.csproj", "{FAEF1B5D-C99F-C47C-4A35-D28FD9D26DA2}"
EndProject
Global
	GlobalSection(SolutionConfigurationPlatforms) = preSolution
		Debug|Any CPU = Debug|Any CPU
		Release|Any CPU = Release|Any CPU
	EndGlobalSection
	GlobalSection(ProjectConfigurationPlatforms) = postSolution
		{FAEF1B5D-C99F-C47C-4A35-D28FD9D26DA2}.Debug|Any CPU.ActiveCfg = Debug|Any CPU
		{FAEF1B5D-C99F-C47C-4A35-D28FD9D26DA2}.Debug|Any CPU.Build.0 = Debug|Any CPU
		{FAEF1B5D-C99F-C47C-4A35-D28FD9D26DA2}.Release|Any CPU.ActiveCfg = Release|Any CPU
		{FAEF1B5D-C99F-C47C-4A35-D28FD9D26DA2}.Release|Any CPU.Build.0 = Release|Any CPU
	EndGlobalSection
	GlobalSection(SolutionProperties) = preSolution
		HideSolutionNode = FALSE
	EndGlobalSection
	GlobalSection(MonoDevelopProperties) = preSolution
		StartupItem = Assembly-CSharp.csproj
	EndGlobalSection
EndGlobal
